// !$*UTF8*$!
{
	archiveVersion = 1;
	classes = {
	};
	objectVersion = 56;
	objects = {

/* Begin PBXBuildFile section */
		2406EB142A70F2E200E3FF6A /* TimeSpendData.swift in Sources */ = {isa = PBXBuildFile; fileRef = 2406EB132A70F2E200E3FF6A /* TimeSpendData.swift */; };
		2406EB172A70F32A00E3FF6A /* HourMinutesDurationTextView.swift in Sources */ = {isa = PBXBuildFile; fileRef = 2406EB162A70F32A00E3FF6A /* HourMinutesDurationTextView.swift */; };
		2406EB1A2A70F3AD00E3FF6A /* TimeSpendView.swift in Sources */ = {isa = PBXBuildFile; fileRef = 2406EB192A70F3AD00E3FF6A /* TimeSpendView.swift */; };
		2406EB1D2A76B4A200E3FF6A /* NotificationHelper.swift in Sources */ = {isa = PBXBuildFile; fileRef = 2406EB1C2A76B4A200E3FF6A /* NotificationHelper.swift */; };
		2406EB202A76BEC100E3FF6A /* PauseEndedNotification.swift in Sources */ = {isa = PBXBuildFile; fileRef = 2406EB1F2A76BEC100E3FF6A /* PauseEndedNotification.swift */; };
		2406EB232A76BEEF00E3FF6A /* NotificationService.swift in Sources */ = {isa = PBXBuildFile; fileRef = 2406EB222A76BEEF00E3FF6A /* NotificationService.swift */; };
		2406EB252A76E6FF00E3FF6A /* BEDNotification.swift in Sources */ = {isa = PBXBuildFile; fileRef = 2406EB242A76E6FF00E3FF6A /* BEDNotification.swift */; };
		2406EB282A76ECEE00E3FF6A /* NotificationManager.swift in Sources */ = {isa = PBXBuildFile; fileRef = 2406EB272A76ECEE00E3FF6A /* NotificationManager.swift */; };
		2406EB2D2A7FE72000E3FF6A /* RequestNotificationView.swift in Sources */ = {isa = PBXBuildFile; fileRef = 2406EB2C2A7FE72000E3FF6A /* RequestNotificationView.swift */; };
		2406EB2F2A800C3C00E3FF6A /* BadgeLabelView.swift in Sources */ = {isa = PBXBuildFile; fileRef = 2406EB2E2A800C3C00E3FF6A /* BadgeLabelView.swift */; };
		2433A0962AAFA54200621188 /* SettingsView.swift in Sources */ = {isa = PBXBuildFile; fileRef = 2433A0952AAFA54200621188 /* SettingsView.swift */; };
		246D6C2E2A48990300E5B39B /* TimerLabelView.swift in Sources */ = {isa = PBXBuildFile; fileRef = 246D6C2D2A48990300E5B39B /* TimerLabelView.swift */; };
		246D6C302A4899E100E5B39B /* PhaseLabelModifier.swift in Sources */ = {isa = PBXBuildFile; fileRef = 246D6C2F2A4899E100E5B39B /* PhaseLabelModifier.swift */; };
		247FD12B2B72BDE7009CEB88 /* BackgroundElement.swift in Sources */ = {isa = PBXBuildFile; fileRef = 247FD12A2B72BDE7009CEB88 /* BackgroundElement.swift */; };
		24912E572B9F5F96001AB4C7 /* WanderingShadowAnimation.swift in Sources */ = {isa = PBXBuildFile; fileRef = 24912E562B9F5F96001AB4C7 /* WanderingShadowAnimation.swift */; };
		24912E592B9F7910001AB4C7 /* ThirdTimeState.swift in Sources */ = {isa = PBXBuildFile; fileRef = 24912E582B9F7910001AB4C7 /* ThirdTimeState.swift */; };
		24912E5B2BA74B21001AB4C7 /* PrepareSessionScreen.swift in Sources */ = {isa = PBXBuildFile; fileRef = 24912E5A2BA74B21001AB4C7 /* PrepareSessionScreen.swift */; };
		24912E5D2BAA2DBE001AB4C7 /* SessionScreen.swift in Sources */ = {isa = PBXBuildFile; fileRef = 24912E5C2BAA2DBE001AB4C7 /* SessionScreen.swift */; };
		24A4AACC2AC07EEF00F4B4A5 /* WaitFor.swift in Sources */ = {isa = PBXBuildFile; fileRef = 24A4AACB2AC07EEF00F4B4A5 /* WaitFor.swift */; };
		24DBA2372C61624F00860171 /* SessionController.swift in Sources */ = {isa = PBXBuildFile; fileRef = 24DBA2362C61624F00860171 /* SessionController.swift */; };
		24DBA2392C61E73300860171 /* SessionSegmentsTests.swift in Sources */ = {isa = PBXBuildFile; fileRef = 24DBA2382C61E73300860171 /* SessionSegmentsTests.swift */; };
		24DF297C2AA4A8F100DC40D6 /* FocusPhaseTimer.swift in Sources */ = {isa = PBXBuildFile; fileRef = 24DF297B2AA4A8F100DC40D6 /* FocusPhaseTimer.swift */; };
		24DF297E2AA4A8FE00DC40D6 /* PhaseMarker.swift in Sources */ = {isa = PBXBuildFile; fileRef = 24DF297D2AA4A8FE00DC40D6 /* PhaseMarker.swift */; };
		24DF29862AA5E3B400DC40D6 /* SessionState.swift in Sources */ = {isa = PBXBuildFile; fileRef = 24DF29852AA5E3B400DC40D6 /* SessionState.swift */; };
		24E924322A44D2C6002CA7F8 /* SecondaryButton.swift in Sources */ = {isa = PBXBuildFile; fileRef = 24E924312A44D2C6002CA7F8 /* SecondaryButton.swift */; };
		24E924342A457AB8002CA7F8 /* ButtonLabelStyle.swift in Sources */ = {isa = PBXBuildFile; fileRef = 24E924332A457AB8002CA7F8 /* ButtonLabelStyle.swift */; };
		24E924362A457B8D002CA7F8 /* PrimaryButton.swift in Sources */ = {isa = PBXBuildFile; fileRef = 24E924352A457B8D002CA7F8 /* PrimaryButton.swift */; };
		24F3F2932B19F766008063B2 /* PersistenceManager.swift in Sources */ = {isa = PBXBuildFile; fileRef = 24F3F2922B19F766008063B2 /* PersistenceManager.swift */; };
		24F3F2962B1A39C8008063B2 /* SessionData.swift in Sources */ = {isa = PBXBuildFile; fileRef = 24F3F2952B1A39C8008063B2 /* SessionData.swift */; };
		24F53FA72C6899DA00C6A666 /* SessionCategory.swift in Sources */ = {isa = PBXBuildFile; fileRef = 24F53FA62C6899DA00C6A666 /* SessionCategory.swift */; };
		24F53FA92C689FB000C6A666 /* Session.swift in Sources */ = {isa = PBXBuildFile; fileRef = 24F53FA82C689FB000C6A666 /* Session.swift */; };
		24F53FAB2C70A9E600C6A666 /* SessionTests.swift in Sources */ = {isa = PBXBuildFile; fileRef = 24F53FAA2C70A9E600C6A666 /* SessionTests.swift */; };
		24FED7372C0FA49D007F98D0 /* PhaseProtocol.swift in Sources */ = {isa = PBXBuildFile; fileRef = 24FED7362C0FA49D007F98D0 /* PhaseProtocol.swift */; };
		24FED7392C0FA4CF007F98D0 /* PausePhaseTimer.swift in Sources */ = {isa = PBXBuildFile; fileRef = 24FED7382C0FA4CF007F98D0 /* PausePhaseTimer.swift */; };
		B9C479A92A16742900C0CE3E /* BetterEveryDayApp.swift in Sources */ = {isa = PBXBuildFile; fileRef = B9C479A82A16742900C0CE3E /* BetterEveryDayApp.swift */; };
		B9C479AB2A16742900C0CE3E /* ContentView.swift in Sources */ = {isa = PBXBuildFile; fileRef = B9C479AA2A16742900C0CE3E /* ContentView.swift */; };
		B9C479AD2A16742C00C0CE3E /* Assets.xcassets in Resources */ = {isa = PBXBuildFile; fileRef = B9C479AC2A16742C00C0CE3E /* Assets.xcassets */; };
		B9C479B12A16742C00C0CE3E /* Preview Assets.xcassets in Resources */ = {isa = PBXBuildFile; fileRef = B9C479B02A16742C00C0CE3E /* Preview Assets.xcassets */; };
		B9C479BB2A16742C00C0CE3E /* BetterEveryDayTests.swift in Sources */ = {isa = PBXBuildFile; fileRef = B9C479BA2A16742C00C0CE3E /* BetterEveryDayTests.swift */; };
		B9C479C52A16742D00C0CE3E /* BetterEveryDayUITests.swift in Sources */ = {isa = PBXBuildFile; fileRef = B9C479C42A16742D00C0CE3E /* BetterEveryDayUITests.swift */; };
		B9C479C72A16742D00C0CE3E /* BetterEveryDayUITestsLaunchTests.swift in Sources */ = {isa = PBXBuildFile; fileRef = B9C479C62A16742D00C0CE3E /* BetterEveryDayUITestsLaunchTests.swift */; };
/* End PBXBuildFile section */

/* Begin PBXContainerItemProxy section */
		B9C479B72A16742C00C0CE3E /* PBXContainerItemProxy */ = {
			isa = PBXContainerItemProxy;
			containerPortal = B9C4799D2A16742900C0CE3E /* Project object */;
			proxyType = 1;
			remoteGlobalIDString = B9C479A42A16742900C0CE3E;
			remoteInfo = BetterEveryDay;
		};
		B9C479C12A16742D00C0CE3E /* PBXContainerItemProxy */ = {
			isa = PBXContainerItemProxy;
			containerPortal = B9C4799D2A16742900C0CE3E /* Project object */;
			proxyType = 1;
			remoteGlobalIDString = B9C479A42A16742900C0CE3E;
			remoteInfo = BetterEveryDay;
		};
/* End PBXContainerItemProxy section */

/* Begin PBXFileReference section */
		2406EB132A70F2E200E3FF6A /* TimeSpendData.swift */ = {isa = PBXFileReference; lastKnownFileType = sourcecode.swift; path = TimeSpendData.swift; sourceTree = "<group>"; };
		2406EB162A70F32A00E3FF6A /* HourMinutesDurationTextView.swift */ = {isa = PBXFileReference; lastKnownFileType = sourcecode.swift; path = HourMinutesDurationTextView.swift; sourceTree = "<group>"; };
		2406EB192A70F3AD00E3FF6A /* TimeSpendView.swift */ = {isa = PBXFileReference; lastKnownFileType = sourcecode.swift; path = TimeSpendView.swift; sourceTree = "<group>"; };
		2406EB1C2A76B4A200E3FF6A /* NotificationHelper.swift */ = {isa = PBXFileReference; lastKnownFileType = sourcecode.swift; path = NotificationHelper.swift; sourceTree = "<group>"; };
		2406EB1F2A76BEC100E3FF6A /* PauseEndedNotification.swift */ = {isa = PBXFileReference; lastKnownFileType = sourcecode.swift; path = PauseEndedNotification.swift; sourceTree = "<group>"; };
		2406EB222A76BEEF00E3FF6A /* NotificationService.swift */ = {isa = PBXFileReference; lastKnownFileType = sourcecode.swift; path = NotificationService.swift; sourceTree = "<group>"; };
		2406EB242A76E6FF00E3FF6A /* BEDNotification.swift */ = {isa = PBXFileReference; lastKnownFileType = sourcecode.swift; path = BEDNotification.swift; sourceTree = "<group>"; };
		2406EB272A76ECEE00E3FF6A /* NotificationManager.swift */ = {isa = PBXFileReference; lastKnownFileType = sourcecode.swift; path = NotificationManager.swift; sourceTree = "<group>"; };
		2406EB2C2A7FE72000E3FF6A /* RequestNotificationView.swift */ = {isa = PBXFileReference; lastKnownFileType = sourcecode.swift; path = RequestNotificationView.swift; sourceTree = "<group>"; };
		2406EB2E2A800C3C00E3FF6A /* BadgeLabelView.swift */ = {isa = PBXFileReference; lastKnownFileType = sourcecode.swift; path = BadgeLabelView.swift; sourceTree = "<group>"; };
		2433A0952AAFA54200621188 /* SettingsView.swift */ = {isa = PBXFileReference; lastKnownFileType = sourcecode.swift; path = SettingsView.swift; sourceTree = "<group>"; };
		246D6C2D2A48990300E5B39B /* TimerLabelView.swift */ = {isa = PBXFileReference; lastKnownFileType = sourcecode.swift; path = TimerLabelView.swift; sourceTree = "<group>"; };
		246D6C2F2A4899E100E5B39B /* PhaseLabelModifier.swift */ = {isa = PBXFileReference; lastKnownFileType = sourcecode.swift; path = PhaseLabelModifier.swift; sourceTree = "<group>"; };
		247FD12A2B72BDE7009CEB88 /* BackgroundElement.swift */ = {isa = PBXFileReference; lastKnownFileType = sourcecode.swift; path = BackgroundElement.swift; sourceTree = "<group>"; };
		24912E562B9F5F96001AB4C7 /* WanderingShadowAnimation.swift */ = {isa = PBXFileReference; lastKnownFileType = sourcecode.swift; path = WanderingShadowAnimation.swift; sourceTree = "<group>"; };
		24912E582B9F7910001AB4C7 /* ThirdTimeState.swift */ = {isa = PBXFileReference; lastKnownFileType = sourcecode.swift; path = ThirdTimeState.swift; sourceTree = "<group>"; };
		24912E5A2BA74B21001AB4C7 /* PrepareSessionScreen.swift */ = {isa = PBXFileReference; lastKnownFileType = sourcecode.swift; path = PrepareSessionScreen.swift; sourceTree = "<group>"; };
		24912E5C2BAA2DBE001AB4C7 /* SessionScreen.swift */ = {isa = PBXFileReference; lastKnownFileType = sourcecode.swift; path = SessionScreen.swift; sourceTree = "<group>"; };
		24A4AACB2AC07EEF00F4B4A5 /* WaitFor.swift */ = {isa = PBXFileReference; lastKnownFileType = sourcecode.swift; path = WaitFor.swift; sourceTree = "<group>"; };
		24DBA2362C61624F00860171 /* SessionController.swift */ = {isa = PBXFileReference; lastKnownFileType = sourcecode.swift; path = SessionController.swift; sourceTree = "<group>"; };
		24DBA2382C61E73300860171 /* SessionSegmentsTests.swift */ = {isa = PBXFileReference; lastKnownFileType = sourcecode.swift; path = SessionSegmentsTests.swift; sourceTree = "<group>"; };
		24DF297B2AA4A8F100DC40D6 /* FocusPhaseTimer.swift */ = {isa = PBXFileReference; lastKnownFileType = sourcecode.swift; path = FocusPhaseTimer.swift; sourceTree = "<group>"; };
		24DF297D2AA4A8FE00DC40D6 /* PhaseMarker.swift */ = {isa = PBXFileReference; lastKnownFileType = sourcecode.swift; path = PhaseMarker.swift; sourceTree = "<group>"; };
		24DF29852AA5E3B400DC40D6 /* SessionState.swift */ = {isa = PBXFileReference; lastKnownFileType = sourcecode.swift; path = SessionState.swift; sourceTree = "<group>"; };
		24E924312A44D2C6002CA7F8 /* SecondaryButton.swift */ = {isa = PBXFileReference; lastKnownFileType = sourcecode.swift; path = SecondaryButton.swift; sourceTree = "<group>"; };
		24E924332A457AB8002CA7F8 /* ButtonLabelStyle.swift */ = {isa = PBXFileReference; lastKnownFileType = sourcecode.swift; path = ButtonLabelStyle.swift; sourceTree = "<group>"; };
		24E924352A457B8D002CA7F8 /* PrimaryButton.swift */ = {isa = PBXFileReference; lastKnownFileType = sourcecode.swift; path = PrimaryButton.swift; sourceTree = "<group>"; };
		24F3F2922B19F766008063B2 /* PersistenceManager.swift */ = {isa = PBXFileReference; lastKnownFileType = sourcecode.swift; path = PersistenceManager.swift; sourceTree = "<group>"; };
		24F3F2952B1A39C8008063B2 /* SessionData.swift */ = {isa = PBXFileReference; lastKnownFileType = sourcecode.swift; path = SessionData.swift; sourceTree = "<group>"; };
		24F53FA62C6899DA00C6A666 /* SessionCategory.swift */ = {isa = PBXFileReference; lastKnownFileType = sourcecode.swift; path = SessionCategory.swift; sourceTree = "<group>"; };
		24F53FA82C689FB000C6A666 /* Session.swift */ = {isa = PBXFileReference; lastKnownFileType = sourcecode.swift; path = Session.swift; sourceTree = "<group>"; };
		24F53FAA2C70A9E600C6A666 /* SessionTests.swift */ = {isa = PBXFileReference; lastKnownFileType = sourcecode.swift; path = SessionTests.swift; sourceTree = "<group>"; };
		24FED7362C0FA49D007F98D0 /* PhaseProtocol.swift */ = {isa = PBXFileReference; lastKnownFileType = sourcecode.swift; path = PhaseProtocol.swift; sourceTree = "<group>"; };
		24FED7382C0FA4CF007F98D0 /* PausePhaseTimer.swift */ = {isa = PBXFileReference; lastKnownFileType = sourcecode.swift; path = PausePhaseTimer.swift; sourceTree = "<group>"; };
		B9C479A52A16742900C0CE3E /* BetterEveryDay.app */ = {isa = PBXFileReference; explicitFileType = wrapper.application; includeInIndex = 0; path = BetterEveryDay.app; sourceTree = BUILT_PRODUCTS_DIR; };
		B9C479A82A16742900C0CE3E /* BetterEveryDayApp.swift */ = {isa = PBXFileReference; lastKnownFileType = sourcecode.swift; path = BetterEveryDayApp.swift; sourceTree = "<group>"; };
		B9C479AA2A16742900C0CE3E /* ContentView.swift */ = {isa = PBXFileReference; lastKnownFileType = sourcecode.swift; path = ContentView.swift; sourceTree = "<group>"; };
		B9C479AC2A16742C00C0CE3E /* Assets.xcassets */ = {isa = PBXFileReference; lastKnownFileType = folder.assetcatalog; path = Assets.xcassets; sourceTree = "<group>"; };
		B9C479AE2A16742C00C0CE3E /* BetterEveryDay.entitlements */ = {isa = PBXFileReference; lastKnownFileType = text.plist.entitlements; path = BetterEveryDay.entitlements; sourceTree = "<group>"; };
		B9C479B02A16742C00C0CE3E /* Preview Assets.xcassets */ = {isa = PBXFileReference; lastKnownFileType = folder.assetcatalog; path = "Preview Assets.xcassets"; sourceTree = "<group>"; };
		B9C479B62A16742C00C0CE3E /* BetterEveryDayTests.xctest */ = {isa = PBXFileReference; explicitFileType = wrapper.cfbundle; includeInIndex = 0; path = BetterEveryDayTests.xctest; sourceTree = BUILT_PRODUCTS_DIR; };
		B9C479BA2A16742C00C0CE3E /* BetterEveryDayTests.swift */ = {isa = PBXFileReference; lastKnownFileType = sourcecode.swift; path = BetterEveryDayTests.swift; sourceTree = "<group>"; };
		B9C479C02A16742D00C0CE3E /* BetterEveryDayUITests.xctest */ = {isa = PBXFileReference; explicitFileType = wrapper.cfbundle; includeInIndex = 0; path = BetterEveryDayUITests.xctest; sourceTree = BUILT_PRODUCTS_DIR; };
		B9C479C42A16742D00C0CE3E /* BetterEveryDayUITests.swift */ = {isa = PBXFileReference; lastKnownFileType = sourcecode.swift; path = BetterEveryDayUITests.swift; sourceTree = "<group>"; };
		B9C479C62A16742D00C0CE3E /* BetterEveryDayUITestsLaunchTests.swift */ = {isa = PBXFileReference; lastKnownFileType = sourcecode.swift; path = BetterEveryDayUITestsLaunchTests.swift; sourceTree = "<group>"; };
/* End PBXFileReference section */

/* Begin PBXFrameworksBuildPhase section */
		B9C479A22A16742900C0CE3E /* Frameworks */ = {
			isa = PBXFrameworksBuildPhase;
			buildActionMask = 2147483647;
			files = (
			);
			runOnlyForDeploymentPostprocessing = 0;
		};
		B9C479B32A16742C00C0CE3E /* Frameworks */ = {
			isa = PBXFrameworksBuildPhase;
			buildActionMask = 2147483647;
			files = (
			);
			runOnlyForDeploymentPostprocessing = 0;
		};
		B9C479BD2A16742D00C0CE3E /* Frameworks */ = {
			isa = PBXFrameworksBuildPhase;
			buildActionMask = 2147483647;
			files = (
			);
			runOnlyForDeploymentPostprocessing = 0;
		};
/* End PBXFrameworksBuildPhase section */

/* Begin PBXGroup section */
		2406EB182A70F39300E3FF6A /* Charts */ = {
			isa = PBXGroup;
			children = (
				2406EB192A70F3AD00E3FF6A /* TimeSpendView.swift */,
			);
			path = Charts;
			sourceTree = "<group>";
		};
		2406EB1B2A76A59A00E3FF6A /* Utils */ = {
			isa = PBXGroup;
			children = (
				2406EB1C2A76B4A200E3FF6A /* NotificationHelper.swift */,
				24A4AACB2AC07EEF00F4B4A5 /* WaitFor.swift */,
			);
			path = Utils;
			sourceTree = "<group>";
		};
		2406EB1E2A76BE2300E3FF6A /* Notifications */ = {
			isa = PBXGroup;
			children = (
				2406EB1F2A76BEC100E3FF6A /* PauseEndedNotification.swift */,
				2406EB242A76E6FF00E3FF6A /* BEDNotification.swift */,
			);
			path = Notifications;
			sourceTree = "<group>";
		};
		2406EB212A76BEDA00E3FF6A /* Services */ = {
			isa = PBXGroup;
			children = (
				2406EB222A76BEEF00E3FF6A /* NotificationService.swift */,
			);
			path = Services;
			sourceTree = "<group>";
		};
		2406EB262A76ECDD00E3FF6A /* Manager */ = {
			isa = PBXGroup;
			children = (
				2406EB272A76ECEE00E3FF6A /* NotificationManager.swift */,
				24F3F2922B19F766008063B2 /* PersistenceManager.swift */,
			);
			path = Manager;
			sourceTree = "<group>";
		};
		2406EB2A2A7FE2E000E3FF6A /* Services */ = {
			isa = PBXGroup;
			children = (
			);
			path = Services;
			sourceTree = "<group>";
		};
		2406EB2B2A7FE2F900E3FF6A /* Manager */ = {
			isa = PBXGroup;
			children = (
			);
			path = Manager;
			sourceTree = "<group>";
		};
		2433A0972AAFA54A00621188 /* SettingsView */ = {
			isa = PBXGroup;
			children = (
				2433A0952AAFA54200621188 /* SettingsView.swift */,
			);
			path = SettingsView;
			sourceTree = "<group>";
		};
		246D6C2C2A48985B00E5B39B /* Labels */ = {
			isa = PBXGroup;
			children = (
				246D6C2D2A48990300E5B39B /* TimerLabelView.swift */,
				246D6C2F2A4899E100E5B39B /* PhaseLabelModifier.swift */,
				2406EB162A70F32A00E3FF6A /* HourMinutesDurationTextView.swift */,
				2406EB2E2A800C3C00E3FF6A /* BadgeLabelView.swift */,
			);
			path = Labels;
			sourceTree = "<group>";
		};
		246D6C312A4C015B00E5B39B /* Components */ = {
			isa = PBXGroup;
			children = (
				2406EB2C2A7FE72000E3FF6A /* RequestNotificationView.swift */,
			);
			path = Components;
			sourceTree = "<group>";
		};
		246D6C3A2A4C041600E5B39B /* Model */ = {
			isa = PBXGroup;
			children = (
				24F3F2942B1A3994008063B2 /* Data */,
				24DF29802AA4D2EE00DC40D6 /* Session */,
				24DF297F2AA4A90400DC40D6 /* Phases */,
				2406EB1E2A76BE2300E3FF6A /* Notifications */,
				2406EB132A70F2E200E3FF6A /* TimeSpendData.swift */,
				24912E582B9F7910001AB4C7 /* ThirdTimeState.swift */,
			);
			path = Model;
			sourceTree = "<group>";
		};
		247FD1272B72B978009CEB88 /* Extensions */ = {
			isa = PBXGroup;
			children = (
			);
			path = Extensions;
			sourceTree = "<group>";
		};
		24912E552B9F5F6E001AB4C7 /* Animations */ = {
			isa = PBXGroup;
			children = (
				24912E562B9F5F96001AB4C7 /* WanderingShadowAnimation.swift */,
			);
			path = Animations;
			sourceTree = "<group>";
		};
		24DF297F2AA4A90400DC40D6 /* Phases */ = {
			isa = PBXGroup;
			children = (
				24DF297B2AA4A8F100DC40D6 /* FocusPhaseTimer.swift */,
				24DF297D2AA4A8FE00DC40D6 /* PhaseMarker.swift */,
				24FED7362C0FA49D007F98D0 /* PhaseProtocol.swift */,
				24FED7382C0FA4CF007F98D0 /* PausePhaseTimer.swift */,
			);
			path = Phases;
			sourceTree = "<group>";
		};
		24DF29802AA4D2EE00DC40D6 /* Session */ = {
			isa = PBXGroup;
			children = (
				24DF29852AA5E3B400DC40D6 /* SessionState.swift */,
				24DBA2362C61624F00860171 /* SessionController.swift */,
				24F53FA62C6899DA00C6A666 /* SessionCategory.swift */,
				24F53FA82C689FB000C6A666 /* Session.swift */,
			);
			path = Session;
			sourceTree = "<group>";
		};
		24DF298B2AA84F9900DC40D6 /* Model */ = {
			isa = PBXGroup;
			children = (
				24DBA2382C61E73300860171 /* SessionSegmentsTests.swift */,
				24F53FAA2C70A9E600C6A666 /* SessionTests.swift */,
			);
			path = Model;
			sourceTree = "<group>";
		};
		24E924302A44D295002CA7F8 /* Buttons */ = {
			isa = PBXGroup;
			children = (
				24E924312A44D2C6002CA7F8 /* SecondaryButton.swift */,
				24E924352A457B8D002CA7F8 /* PrimaryButton.swift */,
				24E924332A457AB8002CA7F8 /* ButtonLabelStyle.swift */,
			);
			path = Buttons;
			sourceTree = "<group>";
		};
		24F3F2942B1A3994008063B2 /* Data */ = {
			isa = PBXGroup;
			children = (
				24F3F2952B1A39C8008063B2 /* SessionData.swift */,
			);
			path = Data;
			sourceTree = "<group>";
		};
		B9C4799C2A16742900C0CE3E = {
			isa = PBXGroup;
			children = (
				B9C479A72A16742900C0CE3E /* BetterEveryDay */,
				B9C479B92A16742C00C0CE3E /* BetterEveryDayTests */,
				B9C479C32A16742D00C0CE3E /* BetterEveryDayUITests */,
				B9C479A62A16742900C0CE3E /* Products */,
			);
			sourceTree = "<group>";
		};
		B9C479A62A16742900C0CE3E /* Products */ = {
			isa = PBXGroup;
			children = (
				B9C479A52A16742900C0CE3E /* BetterEveryDay.app */,
				B9C479B62A16742C00C0CE3E /* BetterEveryDayTests.xctest */,
				B9C479C02A16742D00C0CE3E /* BetterEveryDayUITests.xctest */,
			);
			name = Products;
			sourceTree = "<group>";
		};
		B9C479A72A16742900C0CE3E /* BetterEveryDay */ = {
			isa = PBXGroup;
			children = (
				24912E552B9F5F6E001AB4C7 /* Animations */,
				247FD1272B72B978009CEB88 /* Extensions */,
				2406EB262A76ECDD00E3FF6A /* Manager */,
				2406EB212A76BEDA00E3FF6A /* Services */,
				2406EB1B2A76A59A00E3FF6A /* Utils */,
				246D6C3A2A4C041600E5B39B /* Model */,
				B9C479D82A1A63B100C0CE3E /* Views */,
				B9C479D32A1A627C00C0CE3E /* Screens */,
				B9C479A82A16742900C0CE3E /* BetterEveryDayApp.swift */,
				B9C479AA2A16742900C0CE3E /* ContentView.swift */,
				B9C479AC2A16742C00C0CE3E /* Assets.xcassets */,
				B9C479AE2A16742C00C0CE3E /* BetterEveryDay.entitlements */,
				B9C479AF2A16742C00C0CE3E /* Preview Content */,
			);
			path = BetterEveryDay;
			sourceTree = "<group>";
		};
		B9C479AF2A16742C00C0CE3E /* Preview Content */ = {
			isa = PBXGroup;
			children = (
				B9C479B02A16742C00C0CE3E /* Preview Assets.xcassets */,
			);
			path = "Preview Content";
			sourceTree = "<group>";
		};
		B9C479B92A16742C00C0CE3E /* BetterEveryDayTests */ = {
			isa = PBXGroup;
			children = (
				24DF298B2AA84F9900DC40D6 /* Model */,
				2406EB2B2A7FE2F900E3FF6A /* Manager */,
				2406EB2A2A7FE2E000E3FF6A /* Services */,
				B9C479BA2A16742C00C0CE3E /* BetterEveryDayTests.swift */,
			);
			path = BetterEveryDayTests;
			sourceTree = "<group>";
		};
		B9C479C32A16742D00C0CE3E /* BetterEveryDayUITests */ = {
			isa = PBXGroup;
			children = (
				B9C479C42A16742D00C0CE3E /* BetterEveryDayUITests.swift */,
				B9C479C62A16742D00C0CE3E /* BetterEveryDayUITestsLaunchTests.swift */,
			);
			path = BetterEveryDayUITests;
			sourceTree = "<group>";
		};
		B9C479D32A1A627C00C0CE3E /* Screens */ = {
			isa = PBXGroup;
			children = (
				2433A0972AAFA54A00621188 /* SettingsView */,
				24912E5A2BA74B21001AB4C7 /* PrepareSessionScreen.swift */,
				24912E5C2BAA2DBE001AB4C7 /* SessionScreen.swift */,
			);
			path = Screens;
			sourceTree = "<group>";
		};
		B9C479D82A1A63B100C0CE3E /* Views */ = {
			isa = PBXGroup;
			children = (
				2406EB182A70F39300E3FF6A /* Charts */,
				246D6C312A4C015B00E5B39B /* Components */,
				246D6C2C2A48985B00E5B39B /* Labels */,
				24E924302A44D295002CA7F8 /* Buttons */,
				247FD12A2B72BDE7009CEB88 /* BackgroundElement.swift */,
			);
			path = Views;
			sourceTree = "<group>";
		};
/* End PBXGroup section */

/* Begin PBXNativeTarget section */
		B9C479A42A16742900C0CE3E /* BetterEveryDay */ = {
			isa = PBXNativeTarget;
			buildConfigurationList = B9C479CA2A16742D00C0CE3E /* Build configuration list for PBXNativeTarget "BetterEveryDay" */;
			buildPhases = (
				B9C479A12A16742900C0CE3E /* Sources */,
				B9C479A22A16742900C0CE3E /* Frameworks */,
				B9C479A32A16742900C0CE3E /* Resources */,
			);
			buildRules = (
			);
			dependencies = (
			);
			name = BetterEveryDay;
			productName = BetterEveryDay;
			productReference = B9C479A52A16742900C0CE3E /* BetterEveryDay.app */;
			productType = "com.apple.product-type.application";
		};
		B9C479B52A16742C00C0CE3E /* BetterEveryDayTests */ = {
			isa = PBXNativeTarget;
			buildConfigurationList = B9C479CD2A16742D00C0CE3E /* Build configuration list for PBXNativeTarget "BetterEveryDayTests" */;
			buildPhases = (
				B9C479B22A16742C00C0CE3E /* Sources */,
				B9C479B32A16742C00C0CE3E /* Frameworks */,
				B9C479B42A16742C00C0CE3E /* Resources */,
			);
			buildRules = (
			);
			dependencies = (
				B9C479B82A16742C00C0CE3E /* PBXTargetDependency */,
			);
			name = BetterEveryDayTests;
			productName = BetterEveryDayTests;
			productReference = B9C479B62A16742C00C0CE3E /* BetterEveryDayTests.xctest */;
			productType = "com.apple.product-type.bundle.unit-test";
		};
		B9C479BF2A16742D00C0CE3E /* BetterEveryDayUITests */ = {
			isa = PBXNativeTarget;
			buildConfigurationList = B9C479D02A16742D00C0CE3E /* Build configuration list for PBXNativeTarget "BetterEveryDayUITests" */;
			buildPhases = (
				B9C479BC2A16742D00C0CE3E /* Sources */,
				B9C479BD2A16742D00C0CE3E /* Frameworks */,
				B9C479BE2A16742D00C0CE3E /* Resources */,
			);
			buildRules = (
			);
			dependencies = (
				B9C479C22A16742D00C0CE3E /* PBXTargetDependency */,
			);
			name = BetterEveryDayUITests;
			productName = BetterEveryDayUITests;
			productReference = B9C479C02A16742D00C0CE3E /* BetterEveryDayUITests.xctest */;
			productType = "com.apple.product-type.bundle.ui-testing";
		};
/* End PBXNativeTarget section */

/* Begin PBXProject section */
		B9C4799D2A16742900C0CE3E /* Project object */ = {
			isa = PBXProject;
			attributes = {
				BuildIndependentTargetsInParallel = 1;
				LastSwiftUpdateCheck = 1430;
				LastUpgradeCheck = 1510;
				TargetAttributes = {
					B9C479A42A16742900C0CE3E = {
						CreatedOnToolsVersion = 14.3;
					};
					B9C479B52A16742C00C0CE3E = {
						CreatedOnToolsVersion = 14.3;
						TestTargetID = B9C479A42A16742900C0CE3E;
					};
					B9C479BF2A16742D00C0CE3E = {
						CreatedOnToolsVersion = 14.3;
						TestTargetID = B9C479A42A16742900C0CE3E;
					};
				};
			};
			buildConfigurationList = B9C479A02A16742900C0CE3E /* Build configuration list for PBXProject "BetterEveryDay" */;
			compatibilityVersion = "Xcode 14.0";
			developmentRegion = en;
			hasScannedForEncodings = 0;
			knownRegions = (
				en,
				Base,
			);
			mainGroup = B9C4799C2A16742900C0CE3E;
			productRefGroup = B9C479A62A16742900C0CE3E /* Products */;
			projectDirPath = "";
			projectRoot = "";
			targets = (
				B9C479A42A16742900C0CE3E /* BetterEveryDay */,
				B9C479B52A16742C00C0CE3E /* BetterEveryDayTests */,
				B9C479BF2A16742D00C0CE3E /* BetterEveryDayUITests */,
			);
		};
/* End PBXProject section */

/* Begin PBXResourcesBuildPhase section */
		B9C479A32A16742900C0CE3E /* Resources */ = {
			isa = PBXResourcesBuildPhase;
			buildActionMask = 2147483647;
			files = (
				B9C479B12A16742C00C0CE3E /* Preview Assets.xcassets in Resources */,
				B9C479AD2A16742C00C0CE3E /* Assets.xcassets in Resources */,
			);
			runOnlyForDeploymentPostprocessing = 0;
		};
		B9C479B42A16742C00C0CE3E /* Resources */ = {
			isa = PBXResourcesBuildPhase;
			buildActionMask = 2147483647;
			files = (
			);
			runOnlyForDeploymentPostprocessing = 0;
		};
		B9C479BE2A16742D00C0CE3E /* Resources */ = {
			isa = PBXResourcesBuildPhase;
			buildActionMask = 2147483647;
			files = (
			);
			runOnlyForDeploymentPostprocessing = 0;
		};
/* End PBXResourcesBuildPhase section */

/* Begin PBXSourcesBuildPhase section */
		B9C479A12A16742900C0CE3E /* Sources */ = {
			isa = PBXSourcesBuildPhase;
			buildActionMask = 2147483647;
			files = (
				24DF29862AA5E3B400DC40D6 /* SessionState.swift in Sources */,
				24A4AACC2AC07EEF00F4B4A5 /* WaitFor.swift in Sources */,
				2406EB1A2A70F3AD00E3FF6A /* TimeSpendView.swift in Sources */,
				24912E572B9F5F96001AB4C7 /* WanderingShadowAnimation.swift in Sources */,
				2406EB1D2A76B4A200E3FF6A /* NotificationHelper.swift in Sources */,
				246D6C2E2A48990300E5B39B /* TimerLabelView.swift in Sources */,
				24F3F2932B19F766008063B2 /* PersistenceManager.swift in Sources */,
				2406EB252A76E6FF00E3FF6A /* BEDNotification.swift in Sources */,
				2406EB232A76BEEF00E3FF6A /* NotificationService.swift in Sources */,
				2406EB142A70F2E200E3FF6A /* TimeSpendData.swift in Sources */,
				24E924362A457B8D002CA7F8 /* PrimaryButton.swift in Sources */,
				24F53FA72C6899DA00C6A666 /* SessionCategory.swift in Sources */,
				2406EB2D2A7FE72000E3FF6A /* RequestNotificationView.swift in Sources */,
				24912E5D2BAA2DBE001AB4C7 /* SessionScreen.swift in Sources */,
				24DF297E2AA4A8FE00DC40D6 /* PhaseMarker.swift in Sources */,
				24F3F2962B1A39C8008063B2 /* SessionData.swift in Sources */,
				2406EB202A76BEC100E3FF6A /* PauseEndedNotification.swift in Sources */,
				24FED7392C0FA4CF007F98D0 /* PausePhaseTimer.swift in Sources */,
				24E924322A44D2C6002CA7F8 /* SecondaryButton.swift in Sources */,
				247FD12B2B72BDE7009CEB88 /* BackgroundElement.swift in Sources */,
				24DBA2372C61624F00860171 /* SessionController.swift in Sources */,
				24FED7372C0FA49D007F98D0 /* PhaseProtocol.swift in Sources */,
				246D6C302A4899E100E5B39B /* PhaseLabelModifier.swift in Sources */,
				2406EB2F2A800C3C00E3FF6A /* BadgeLabelView.swift in Sources */,
				2406EB172A70F32A00E3FF6A /* HourMinutesDurationTextView.swift in Sources */,
				24F53FA92C689FB000C6A666 /* Session.swift in Sources */,
				24912E5B2BA74B21001AB4C7 /* PrepareSessionScreen.swift in Sources */,
				B9C479AB2A16742900C0CE3E /* ContentView.swift in Sources */,
				2406EB282A76ECEE00E3FF6A /* NotificationManager.swift in Sources */,
				24DF297C2AA4A8F100DC40D6 /* FocusPhaseTimer.swift in Sources */,
				24912E592B9F7910001AB4C7 /* ThirdTimeState.swift in Sources */,
				24E924342A457AB8002CA7F8 /* ButtonLabelStyle.swift in Sources */,
				B9C479A92A16742900C0CE3E /* BetterEveryDayApp.swift in Sources */,
				2433A0962AAFA54200621188 /* SettingsView.swift in Sources */,
			);
			runOnlyForDeploymentPostprocessing = 0;
		};
		B9C479B22A16742C00C0CE3E /* Sources */ = {
			isa = PBXSourcesBuildPhase;
			buildActionMask = 2147483647;
			files = (
				24F53FAB2C70A9E600C6A666 /* SessionTests.swift in Sources */,
				24DBA2392C61E73300860171 /* SessionSegmentsTests.swift in Sources */,
				B9C479BB2A16742C00C0CE3E /* BetterEveryDayTests.swift in Sources */,
			);
			runOnlyForDeploymentPostprocessing = 0;
		};
		B9C479BC2A16742D00C0CE3E /* Sources */ = {
			isa = PBXSourcesBuildPhase;
			buildActionMask = 2147483647;
			files = (
				B9C479C52A16742D00C0CE3E /* BetterEveryDayUITests.swift in Sources */,
				B9C479C72A16742D00C0CE3E /* BetterEveryDayUITestsLaunchTests.swift in Sources */,
			);
			runOnlyForDeploymentPostprocessing = 0;
		};
/* End PBXSourcesBuildPhase section */

/* Begin PBXTargetDependency section */
		B9C479B82A16742C00C0CE3E /* PBXTargetDependency */ = {
			isa = PBXTargetDependency;
			target = B9C479A42A16742900C0CE3E /* BetterEveryDay */;
			targetProxy = B9C479B72A16742C00C0CE3E /* PBXContainerItemProxy */;
		};
		B9C479C22A16742D00C0CE3E /* PBXTargetDependency */ = {
			isa = PBXTargetDependency;
			target = B9C479A42A16742900C0CE3E /* BetterEveryDay */;
			targetProxy = B9C479C12A16742D00C0CE3E /* PBXContainerItemProxy */;
		};
/* End PBXTargetDependency section */

/* Begin XCBuildConfiguration section */
		B9C479C82A16742D00C0CE3E /* Debug */ = {
			isa = XCBuildConfiguration;
			buildSettings = {
				ALWAYS_SEARCH_USER_PATHS = NO;
				ASSETCATALOG_COMPILER_GENERATE_SWIFT_ASSET_SYMBOL_EXTENSIONS = YES;
				CLANG_ANALYZER_NONNULL = YES;
				CLANG_ANALYZER_NUMBER_OBJECT_CONVERSION = YES_AGGRESSIVE;
				CLANG_CXX_LANGUAGE_STANDARD = "gnu++20";
				CLANG_ENABLE_MODULES = YES;
				CLANG_ENABLE_OBJC_ARC = YES;
				CLANG_ENABLE_OBJC_WEAK = YES;
				CLANG_WARN_BLOCK_CAPTURE_AUTORELEASING = YES;
				CLANG_WARN_BOOL_CONVERSION = YES;
				CLANG_WARN_COMMA = YES;
				CLANG_WARN_CONSTANT_CONVERSION = YES;
				CLANG_WARN_DEPRECATED_OBJC_IMPLEMENTATIONS = YES;
				CLANG_WARN_DIRECT_OBJC_ISA_USAGE = YES_ERROR;
				CLANG_WARN_DOCUMENTATION_COMMENTS = YES;
				CLANG_WARN_EMPTY_BODY = YES;
				CLANG_WARN_ENUM_CONVERSION = YES;
				CLANG_WARN_INFINITE_RECURSION = YES;
				CLANG_WARN_INT_CONVERSION = YES;
				CLANG_WARN_NON_LITERAL_NULL_CONVERSION = YES;
				CLANG_WARN_OBJC_IMPLICIT_RETAIN_SELF = YES;
				CLANG_WARN_OBJC_LITERAL_CONVERSION = YES;
				CLANG_WARN_OBJC_ROOT_CLASS = YES_ERROR;
				CLANG_WARN_QUOTED_INCLUDE_IN_FRAMEWORK_HEADER = YES;
				CLANG_WARN_RANGE_LOOP_ANALYSIS = YES;
				CLANG_WARN_STRICT_PROTOTYPES = YES;
				CLANG_WARN_SUSPICIOUS_MOVE = YES;
				CLANG_WARN_UNGUARDED_AVAILABILITY = YES_AGGRESSIVE;
				CLANG_WARN_UNREACHABLE_CODE = YES;
				CLANG_WARN__DUPLICATE_METHOD_MATCH = YES;
				COPY_PHASE_STRIP = NO;
				DEAD_CODE_STRIPPING = YES;
				DEBUG_INFORMATION_FORMAT = dwarf;
				ENABLE_STRICT_OBJC_MSGSEND = YES;
				ENABLE_TESTABILITY = YES;
				ENABLE_USER_SCRIPT_SANDBOXING = YES;
				GCC_C_LANGUAGE_STANDARD = gnu11;
				GCC_DYNAMIC_NO_PIC = NO;
				GCC_NO_COMMON_BLOCKS = YES;
				GCC_OPTIMIZATION_LEVEL = 0;
				GCC_PREPROCESSOR_DEFINITIONS = (
					"DEBUG=1",
					"$(inherited)",
				);
				GCC_WARN_64_TO_32_BIT_CONVERSION = YES;
				GCC_WARN_ABOUT_RETURN_TYPE = YES_ERROR;
				GCC_WARN_UNDECLARED_SELECTOR = YES;
				GCC_WARN_UNINITIALIZED_AUTOS = YES_AGGRESSIVE;
				GCC_WARN_UNUSED_FUNCTION = YES;
				GCC_WARN_UNUSED_VARIABLE = YES;
				MTL_ENABLE_DEBUG_INFO = INCLUDE_SOURCE;
				MTL_FAST_MATH = YES;
				ONLY_ACTIVE_ARCH = YES;
				SWIFT_ACTIVE_COMPILATION_CONDITIONS = DEBUG;
				SWIFT_OPTIMIZATION_LEVEL = "-Onone";
			};
			name = Debug;
		};
		B9C479C92A16742D00C0CE3E /* Release */ = {
			isa = XCBuildConfiguration;
			buildSettings = {
				ALWAYS_SEARCH_USER_PATHS = NO;
				ASSETCATALOG_COMPILER_GENERATE_SWIFT_ASSET_SYMBOL_EXTENSIONS = YES;
				CLANG_ANALYZER_NONNULL = YES;
				CLANG_ANALYZER_NUMBER_OBJECT_CONVERSION = YES_AGGRESSIVE;
				CLANG_CXX_LANGUAGE_STANDARD = "gnu++20";
				CLANG_ENABLE_MODULES = YES;
				CLANG_ENABLE_OBJC_ARC = YES;
				CLANG_ENABLE_OBJC_WEAK = YES;
				CLANG_WARN_BLOCK_CAPTURE_AUTORELEASING = YES;
				CLANG_WARN_BOOL_CONVERSION = YES;
				CLANG_WARN_COMMA = YES;
				CLANG_WARN_CONSTANT_CONVERSION = YES;
				CLANG_WARN_DEPRECATED_OBJC_IMPLEMENTATIONS = YES;
				CLANG_WARN_DIRECT_OBJC_ISA_USAGE = YES_ERROR;
				CLANG_WARN_DOCUMENTATION_COMMENTS = YES;
				CLANG_WARN_EMPTY_BODY = YES;
				CLANG_WARN_ENUM_CONVERSION = YES;
				CLANG_WARN_INFINITE_RECURSION = YES;
				CLANG_WARN_INT_CONVERSION = YES;
				CLANG_WARN_NON_LITERAL_NULL_CONVERSION = YES;
				CLANG_WARN_OBJC_IMPLICIT_RETAIN_SELF = YES;
				CLANG_WARN_OBJC_LITERAL_CONVERSION = YES;
				CLANG_WARN_OBJC_ROOT_CLASS = YES_ERROR;
				CLANG_WARN_QUOTED_INCLUDE_IN_FRAMEWORK_HEADER = YES;
				CLANG_WARN_RANGE_LOOP_ANALYSIS = YES;
				CLANG_WARN_STRICT_PROTOTYPES = YES;
				CLANG_WARN_SUSPICIOUS_MOVE = YES;
				CLANG_WARN_UNGUARDED_AVAILABILITY = YES_AGGRESSIVE;
				CLANG_WARN_UNREACHABLE_CODE = YES;
				CLANG_WARN__DUPLICATE_METHOD_MATCH = YES;
				COPY_PHASE_STRIP = NO;
				DEAD_CODE_STRIPPING = YES;
				DEBUG_INFORMATION_FORMAT = "dwarf-with-dsym";
				ENABLE_NS_ASSERTIONS = NO;
				ENABLE_STRICT_OBJC_MSGSEND = YES;
				ENABLE_USER_SCRIPT_SANDBOXING = YES;
				GCC_C_LANGUAGE_STANDARD = gnu11;
				GCC_NO_COMMON_BLOCKS = YES;
				GCC_WARN_64_TO_32_BIT_CONVERSION = YES;
				GCC_WARN_ABOUT_RETURN_TYPE = YES_ERROR;
				GCC_WARN_UNDECLARED_SELECTOR = YES;
				GCC_WARN_UNINITIALIZED_AUTOS = YES_AGGRESSIVE;
				GCC_WARN_UNUSED_FUNCTION = YES;
				GCC_WARN_UNUSED_VARIABLE = YES;
				MTL_ENABLE_DEBUG_INFO = NO;
				MTL_FAST_MATH = YES;
				SWIFT_COMPILATION_MODE = wholemodule;
				SWIFT_OPTIMIZATION_LEVEL = "-O";
			};
			name = Release;
		};
		B9C479CB2A16742D00C0CE3E /* Debug */ = {
			isa = XCBuildConfiguration;
			buildSettings = {
				ASSETCATALOG_COMPILER_APPICON_NAME = AppIcon;
				ASSETCATALOG_COMPILER_GLOBAL_ACCENT_COLOR_NAME = AccentColor;
				CODE_SIGN_ENTITLEMENTS = BetterEveryDay/BetterEveryDay.entitlements;
				CODE_SIGN_STYLE = Automatic;
				CURRENT_PROJECT_VERSION = 1;
				DEAD_CODE_STRIPPING = YES;
				DEVELOPMENT_ASSET_PATHS = "\"BetterEveryDay/Preview Content\"";
				DEVELOPMENT_TEAM = 8MD4CZRYZD;
				ENABLE_HARDENED_RUNTIME = YES;
				ENABLE_PREVIEWS = YES;
				GENERATE_INFOPLIST_FILE = YES;
				"INFOPLIST_KEY_UIApplicationSceneManifest_Generation[sdk=iphoneos*]" = YES;
				"INFOPLIST_KEY_UIApplicationSceneManifest_Generation[sdk=iphonesimulator*]" = YES;
				"INFOPLIST_KEY_UIApplicationSupportsIndirectInputEvents[sdk=iphoneos*]" = YES;
				"INFOPLIST_KEY_UIApplicationSupportsIndirectInputEvents[sdk=iphonesimulator*]" = YES;
				"INFOPLIST_KEY_UILaunchScreen_Generation[sdk=iphoneos*]" = YES;
				"INFOPLIST_KEY_UILaunchScreen_Generation[sdk=iphonesimulator*]" = YES;
				"INFOPLIST_KEY_UIStatusBarStyle[sdk=iphoneos*]" = UIStatusBarStyleDefault;
				"INFOPLIST_KEY_UIStatusBarStyle[sdk=iphonesimulator*]" = UIStatusBarStyleDefault;
				INFOPLIST_KEY_UISupportedInterfaceOrientations_iPad = "UIInterfaceOrientationPortrait UIInterfaceOrientationPortraitUpsideDown UIInterfaceOrientationLandscapeLeft UIInterfaceOrientationLandscapeRight";
				INFOPLIST_KEY_UISupportedInterfaceOrientations_iPhone = "UIInterfaceOrientationPortrait UIInterfaceOrientationLandscapeLeft UIInterfaceOrientationLandscapeRight";
				IPHONEOS_DEPLOYMENT_TARGET = 17.0;
				LD_RUNPATH_SEARCH_PATHS = "@executable_path/Frameworks";
				"LD_RUNPATH_SEARCH_PATHS[sdk=macosx*]" = "@executable_path/../Frameworks";
				MACOSX_DEPLOYMENT_TARGET = 14.0;
				MARKETING_VERSION = 1.0;
				PRODUCT_BUNDLE_IDENTIFIER = com.jschenkemeyer.BetterEveryDay;
				PRODUCT_NAME = "$(TARGET_NAME)";
				SDKROOT = auto;
				SUPPORTED_PLATFORMS = "iphoneos iphonesimulator macosx";
				SWIFT_EMIT_LOC_STRINGS = YES;
				SWIFT_VERSION = 5.0;
				TARGETED_DEVICE_FAMILY = "1,2";
			};
			name = Debug;
		};
		B9C479CC2A16742D00C0CE3E /* Release */ = {
			isa = XCBuildConfiguration;
			buildSettings = {
				ASSETCATALOG_COMPILER_APPICON_NAME = AppIcon;
				ASSETCATALOG_COMPILER_GLOBAL_ACCENT_COLOR_NAME = AccentColor;
				CODE_SIGN_ENTITLEMENTS = BetterEveryDay/BetterEveryDay.entitlements;
				CODE_SIGN_STYLE = Automatic;
				CURRENT_PROJECT_VERSION = 1;
				DEAD_CODE_STRIPPING = YES;
				DEVELOPMENT_ASSET_PATHS = "\"BetterEveryDay/Preview Content\"";
				DEVELOPMENT_TEAM = 8MD4CZRYZD;
				ENABLE_HARDENED_RUNTIME = YES;
				ENABLE_PREVIEWS = YES;
				GENERATE_INFOPLIST_FILE = YES;
				"INFOPLIST_KEY_UIApplicationSceneManifest_Generation[sdk=iphoneos*]" = YES;
				"INFOPLIST_KEY_UIApplicationSceneManifest_Generation[sdk=iphonesimulator*]" = YES;
				"INFOPLIST_KEY_UIApplicationSupportsIndirectInputEvents[sdk=iphoneos*]" = YES;
				"INFOPLIST_KEY_UIApplicationSupportsIndirectInputEvents[sdk=iphonesimulator*]" = YES;
				"INFOPLIST_KEY_UILaunchScreen_Generation[sdk=iphoneos*]" = YES;
				"INFOPLIST_KEY_UILaunchScreen_Generation[sdk=iphonesimulator*]" = YES;
				"INFOPLIST_KEY_UIStatusBarStyle[sdk=iphoneos*]" = UIStatusBarStyleDefault;
				"INFOPLIST_KEY_UIStatusBarStyle[sdk=iphonesimulator*]" = UIStatusBarStyleDefault;
				INFOPLIST_KEY_UISupportedInterfaceOrientations_iPad = "UIInterfaceOrientationPortrait UIInterfaceOrientationPortraitUpsideDown UIInterfaceOrientationLandscapeLeft UIInterfaceOrientationLandscapeRight";
				INFOPLIST_KEY_UISupportedInterfaceOrientations_iPhone = "UIInterfaceOrientationPortrait UIInterfaceOrientationLandscapeLeft UIInterfaceOrientationLandscapeRight";
				IPHONEOS_DEPLOYMENT_TARGET = 17.0;
				LD_RUNPATH_SEARCH_PATHS = "@executable_path/Frameworks";
				"LD_RUNPATH_SEARCH_PATHS[sdk=macosx*]" = "@executable_path/../Frameworks";
				MACOSX_DEPLOYMENT_TARGET = 14.0;
				MARKETING_VERSION = 1.0;
				PRODUCT_BUNDLE_IDENTIFIER = com.jschenkemeyer.BetterEveryDay;
				PRODUCT_NAME = "$(TARGET_NAME)";
				SDKROOT = auto;
				SUPPORTED_PLATFORMS = "iphoneos iphonesimulator macosx";
				SWIFT_EMIT_LOC_STRINGS = YES;
				SWIFT_VERSION = 5.0;
				TARGETED_DEVICE_FAMILY = "1,2";
			};
			name = Release;
		};
		B9C479CE2A16742D00C0CE3E /* Debug */ = {
			isa = XCBuildConfiguration;
			buildSettings = {
				ALWAYS_EMBED_SWIFT_STANDARD_LIBRARIES = YES;
				BUNDLE_LOADER = "$(TEST_HOST)";
				CODE_SIGN_STYLE = Automatic;
				CURRENT_PROJECT_VERSION = 1;
				DEAD_CODE_STRIPPING = YES;
				DEVELOPMENT_TEAM = 8MD4CZRYZD;
				GENERATE_INFOPLIST_FILE = YES;
				IPHONEOS_DEPLOYMENT_TARGET = 17.0;
				MACOSX_DEPLOYMENT_TARGET = 14.0;
				MARKETING_VERSION = 1.0;
				PRODUCT_BUNDLE_IDENTIFIER = com.jschenkemeyer.BetterEveryDayTests;
				PRODUCT_NAME = "$(TARGET_NAME)";
				SDKROOT = auto;
				SUPPORTED_PLATFORMS = "iphoneos iphonesimulator macosx";
				SWIFT_EMIT_LOC_STRINGS = NO;
				SWIFT_VERSION = 5.0;
				TARGETED_DEVICE_FAMILY = "1,2";
				TEST_HOST = "$(BUILT_PRODUCTS_DIR)/BetterEveryDay.app/$(BUNDLE_EXECUTABLE_FOLDER_PATH)/BetterEveryDay";
			};
			name = Debug;
		};
		B9C479CF2A16742D00C0CE3E /* Release */ = {
			isa = XCBuildConfiguration;
			buildSettings = {
				ALWAYS_EMBED_SWIFT_STANDARD_LIBRARIES = YES;
				BUNDLE_LOADER = "$(TEST_HOST)";
				CODE_SIGN_STYLE = Automatic;
				CURRENT_PROJECT_VERSION = 1;
				DEAD_CODE_STRIPPING = YES;
				DEVELOPMENT_TEAM = 8MD4CZRYZD;
				GENERATE_INFOPLIST_FILE = YES;
				IPHONEOS_DEPLOYMENT_TARGET = 17.0;
				MACOSX_DEPLOYMENT_TARGET = 14.0;
				MARKETING_VERSION = 1.0;
				PRODUCT_BUNDLE_IDENTIFIER = com.jschenkemeyer.BetterEveryDayTests;
				PRODUCT_NAME = "$(TARGET_NAME)";
				SDKROOT = auto;
				SUPPORTED_PLATFORMS = "iphoneos iphonesimulator macosx";
				SWIFT_EMIT_LOC_STRINGS = NO;
				SWIFT_VERSION = 5.0;
				TARGETED_DEVICE_FAMILY = "1,2";
				TEST_HOST = "$(BUILT_PRODUCTS_DIR)/BetterEveryDay.app/$(BUNDLE_EXECUTABLE_FOLDER_PATH)/BetterEveryDay";
			};
			name = Release;
		};
		B9C479D12A16742D00C0CE3E /* Debug */ = {
			isa = XCBuildConfiguration;
			buildSettings = {
				ALWAYS_EMBED_SWIFT_STANDARD_LIBRARIES = YES;
				CODE_SIGN_STYLE = Automatic;
				CURRENT_PROJECT_VERSION = 1;
				DEAD_CODE_STRIPPING = YES;
				DEVELOPMENT_TEAM = 8MD4CZRYZD;
				GENERATE_INFOPLIST_FILE = YES;
				IPHONEOS_DEPLOYMENT_TARGET = 16.4;
				MACOSX_DEPLOYMENT_TARGET = 13.3;
				MARKETING_VERSION = 1.0;
				PRODUCT_BUNDLE_IDENTIFIER = com.jschenkemeyer.BetterEveryDayUITests;
				PRODUCT_NAME = "$(TARGET_NAME)";
				SDKROOT = auto;
				SUPPORTED_PLATFORMS = "iphoneos iphonesimulator macosx";
				SWIFT_EMIT_LOC_STRINGS = NO;
				SWIFT_VERSION = 5.0;
				TARGETED_DEVICE_FAMILY = "1,2";
				TEST_TARGET_NAME = BetterEveryDay;
			};
			name = Debug;
		};
		B9C479D22A16742D00C0CE3E /* Release */ = {
			isa = XCBuildConfiguration;
			buildSettings = {
				ALWAYS_EMBED_SWIFT_STANDARD_LIBRARIES = YES;
				CODE_SIGN_STYLE = Automatic;
				CURRENT_PROJECT_VERSION = 1;
				DEAD_CODE_STRIPPING = YES;
				DEVELOPMENT_TEAM = 8MD4CZRYZD;
				GENERATE_INFOPLIST_FILE = YES;
				IPHONEOS_DEPLOYMENT_TARGET = 16.4;
				MACOSX_DEPLOYMENT_TARGET = 13.3;
				MARKETING_VERSION = 1.0;
				PRODUCT_BUNDLE_IDENTIFIER = com.jschenkemeyer.BetterEveryDayUITests;
				PRODUCT_NAME = "$(TARGET_NAME)";
				SDKROOT = auto;
				SUPPORTED_PLATFORMS = "iphoneos iphonesimulator macosx";
				SWIFT_EMIT_LOC_STRINGS = NO;
				SWIFT_VERSION = 5.0;
				TARGETED_DEVICE_FAMILY = "1,2";
				TEST_TARGET_NAME = BetterEveryDay;
			};
			name = Release;
		};
/* End XCBuildConfiguration section */

/* Begin XCConfigurationList section */
		B9C479A02A16742900C0CE3E /* Build configuration list for PBXProject "BetterEveryDay" */ = {
			isa = XCConfigurationList;
			buildConfigurations = (
				B9C479C82A16742D00C0CE3E /* Debug */,
				B9C479C92A16742D00C0CE3E /* Release */,
			);
			defaultConfigurationIsVisible = 0;
			defaultConfigurationName = Release;
		};
		B9C479CA2A16742D00C0CE3E /* Build configuration list for PBXNativeTarget "BetterEveryDay" */ = {
			isa = XCConfigurationList;
			buildConfigurations = (
				B9C479CB2A16742D00C0CE3E /* Debug */,
				B9C479CC2A16742D00C0CE3E /* Release */,
			);
			defaultConfigurationIsVisible = 0;
			defaultConfigurationName = Release;
		};
		B9C479CD2A16742D00C0CE3E /* Build configuration list for PBXNativeTarget "BetterEveryDayTests" */ = {
			isa = XCConfigurationList;
			buildConfigurations = (
				B9C479CE2A16742D00C0CE3E /* Debug */,
				B9C479CF2A16742D00C0CE3E /* Release */,
			);
			defaultConfigurationIsVisible = 0;
			defaultConfigurationName = Release;
		};
		B9C479D02A16742D00C0CE3E /* Build configuration list for PBXNativeTarget "BetterEveryDayUITests" */ = {
			isa = XCConfigurationList;
			buildConfigurations = (
				B9C479D12A16742D00C0CE3E /* Debug */,
				B9C479D22A16742D00C0CE3E /* Release */,
			);
			defaultConfigurationIsVisible = 0;
			defaultConfigurationName = Release;
		};
/* End XCConfigurationList section */
	};
	rootObject = B9C4799D2A16742900C0CE3E /* Project object */;
}
